# This file was autogenerated by Stack.
# You should not edit this file by hand.
# For more information, please see the documentation at:
#   https://docs.haskellstack.org/en/stable/lock_files

packages:
- completed:
    hackage: discord-haskell-1.16.1@sha256:bd4b03efc18b7682b0022daf2e0b1a3108362a691888a98a6be9a73a52cc0ef5,6510
    pantry-tree:
      sha256: 376bb5819a8aa8dbb393e070d31a09427cddb758f626b7ff7d39a6b45bcd8e14
      size: 3664
  original:
    hackage: discord-haskell-1.16.1
- completed:
    hackage: emoji-0.1.0.2@sha256:d995572a5c7dcd28f98eb15c6e387a7b3bda1ac2477ab0d9dba8580d5d7b161f,1273
    pantry-tree:
      sha256: dd9ea90a631342e5db0fc21331ade4d563a685e9125d5a3989eefa8e1b96c6c6
      size: 437
  original:
    hackage: emoji-0.1.0.2
- completed:
    hackage: unliftio-0.2.25.0@sha256:d015242554890370bcbc3a575019be691d0edc279736ef97d29412fb9d0c4349,3410
    pantry-tree:
      sha256: 08c62f256e740e1a78b175907c26cb06439a1b486ceb8021c5a2e4425ebb6c5b
      size: 2494
  original:
    hackage: unliftio-0.2.25.0
snapshots:
- completed:
    sha256: 2fdd7d3e54540062ef75ca0a73ca3a804c527dbf8a4cadafabf340e66ac4af40
    size: 712469
    url: https://raw.githubusercontent.com/commercialhaskell/stackage-snapshots/master/lts/22/11.yaml
  original: lts-22.11
